
Microsoft Visual Studio Solution File, Format Version 12.00
# Visual Studio Version 17
VisualStudioVersion = 17.8.34511.84
MinimumVisualStudioVersion = 10.0.40219.1
Project("{FAE04EC0-301F-11D3-BF4B-00C04F79EFBC}") = "WebApp", "WebApp.csproj", "{9CAD72D5-9ACB-4835-81C9-BD5CE475C49E}"
EndProject
Global
	GlobalSection(SolutionConfigurationPlatforms) = preSolution
		Debug|Any CPU = Debug|Any CPU
		Release|Any CPU = Release|Any CPU
	EndGlobalSection
	GlobalSection(ProjectConfigurationPlatforms) = postSolution
		{9CAD72D5-9ACB-4835-81C9-BD5CE475C49E}.Debug|Any CPU.ActiveCfg = Debug|Any CPU
		{9CAD72D5-9ACB-4835-81C9-BD5CE475C49E}.Debug|Any CPU.Build.0 = Debug|Any CPU
		{9CAD72D5-9ACB-4835-81C9-BD5CE475C49E}.Release|Any CPU.ActiveCfg = Release|Any CPU
		{9CAD72D5-9ACB-4835-81C9-BD5CE475C49E}.Release|Any CPU.Build.0 = Release|Any CPU
	EndGlobalSection
	GlobalSection(SolutionProperties) = preSolution
		HideSolutionNode = FALSE
	EndGlobalSection
	GlobalSection(ExtensibilityGlobals) = postSolution
		SolutionGuid = {10D1ECEC-4BBA-4661-AF1D-0935B65C5B8E}
	EndGlobalSection
EndGlobal
